
Microsoft Visual Studio Solution File, Format Version 12.00
# Visual Studio Version 17
VisualStudioVersion = 17.7.34221.43
MinimumVisualStudioVersion = 10.0.40219.1
Project("{FAE04EC0-301F-11D3-BF4B-00C04F79EFBC}") = "CW_Form_Practic_2_1", "CW_Form_Practic_2_1.csproj", "{0D9C60EC-19EC-49A8-9711-125D150D48DD}"
EndProject
Global
	GlobalSection(SolutionConfigurationPlatforms) = preSolution
		Debug|Any CPU = Debug|Any CPU
		Release|Any CPU = Release|Any CPU
	EndGlobalSection
	GlobalSection(ProjectConfigurationPlatforms) = postSolution
		{0D9C60EC-19EC-49A8-9711-125D150D48DD}.Debug|Any CPU.ActiveCfg = Debug|Any CPU
		{0D9C60EC-19EC-49A8-9711-125D150D48DD}.Debug|Any CPU.Build.0 = Debug|Any CPU
		{0D9C60EC-19EC-49A8-9711-125D150D48DD}.Release|Any CPU.ActiveCfg = Release|Any CPU
		{0D9C60EC-19EC-49A8-9711-125D150D48DD}.Release|Any CPU.Build.0 = Release|Any CPU
	EndGlobalSection
	GlobalSection(SolutionProperties) = preSolution
		HideSolutionNode = FALSE
	EndGlobalSection
	GlobalSection(ExtensibilityGlobals) = postSolution
		SolutionGuid = {C22F8B2D-B2D3-4452-A50F-02CC161C44CE}
	EndGlobalSection
EndGlobal
